
Microsoft Visual Studio Solution File, Format Version 12.00
# Visual Studio Version 17
VisualStudioVersion = 17.13.35825.156
MinimumVisualStudioVersion = 10.0.40219.1
Project("{FAE04EC0-301F-11D3-BF4B-00C04F79EFBC}") = "РПМ-7", "РПМ-7.csproj", "{FF087D74-652B-451F-8A46-372907011EE2}"
EndProject
Global
	GlobalSection(SolutionConfigurationPlatforms) = preSolution
		Debug|Any CPU = Debug|Any CPU
		Release|Any CPU = Release|Any CPU
	EndGlobalSection
	GlobalSection(ProjectConfigurationPlatforms) = postSolution
		{FF087D74-652B-451F-8A46-372907011EE2}.Debug|Any CPU.ActiveCfg = Debug|Any CPU
		{FF087D74-652B-451F-8A46-372907011EE2}.Debug|Any CPU.Build.0 = Debug|Any CPU
		{FF087D74-652B-451F-8A46-372907011EE2}.Release|Any CPU.ActiveCfg = Release|Any CPU
		{FF087D74-652B-451F-8A46-372907011EE2}.Release|Any CPU.Build.0 = Release|Any CPU
	EndGlobalSection
	GlobalSection(SolutionProperties) = preSolution
		HideSolutionNode = FALSE
	EndGlobalSection
	GlobalSection(ExtensibilityGlobals) = postSolution
		SolutionGuid = {4F657F26-EB86-4758-BC63-D79630488E82}
	EndGlobalSection
EndGlobal
