
Microsoft Visual Studio Solution File, Format Version 12.00
# Visual Studio Version 17
VisualStudioVersion = 17.13.35825.156 d17.13
MinimumVisualStudioVersion = 10.0.40219.1
Project("{FAE04EC0-301F-11D3-BF4B-00C04F79EFBC}") = "ПЗ-5 РПМ", "ПЗ-5 РПМ.csproj", "{F8405026-BD37-4710-97CF-232C6AA973D2}"
EndProject
Global
	GlobalSection(SolutionConfigurationPlatforms) = preSolution
		Debug|Any CPU = Debug|Any CPU
		Release|Any CPU = Release|Any CPU
	EndGlobalSection
	GlobalSection(ProjectConfigurationPlatforms) = postSolution
		{F8405026-BD37-4710-97CF-232C6AA973D2}.Debug|Any CPU.ActiveCfg = Debug|Any CPU
		{F8405026-BD37-4710-97CF-232C6AA973D2}.Debug|Any CPU.Build.0 = Debug|Any CPU
		{F8405026-BD37-4710-97CF-232C6AA973D2}.Release|Any CPU.ActiveCfg = Release|Any CPU
		{F8405026-BD37-4710-97CF-232C6AA973D2}.Release|Any CPU.Build.0 = Release|Any CPU
	EndGlobalSection
	GlobalSection(SolutionProperties) = preSolution
		HideSolutionNode = FALSE
	EndGlobalSection
	GlobalSection(ExtensibilityGlobals) = postSolution
		SolutionGuid = {2ED57E71-5255-434D-AE9A-F8BFA6455CAE}
	EndGlobalSection
EndGlobal
